// !$*UTF8*$!
{
	archiveVersion = 1;
	classes = {
	};
	objectVersion = 46;
	objects = {

/* Begin PBXBuildFile section */
		5E541D011CE5B00B00BB3868 /* PasswordInputWindow.m in Sources */ = {isa = PBXBuildFile; fileRef = 5E541D001CE5B00B00BB3868 /* PasswordInputWindow.m */; };
		5E70AD151CE47BE1008ED7D0 /* main.m in Sources */ = {isa = PBXBuildFile; fileRef = 5E70AD141CE47BE1008ED7D0 /* main.m */; };
		5E70AD181CE47BE1008ED7D0 /* AppDelegate.m in Sources */ = {isa = PBXBuildFile; fileRef = 5E70AD171CE47BE1008ED7D0 /* AppDelegate.m */; };
		5E70AD1B1CE47BE1008ED7D0 /* ViewController.m in Sources */ = {isa = PBXBuildFile; fileRef = 5E70AD1A1CE47BE1008ED7D0 /* ViewController.m */; };
		5E70AD1E1CE47BE1008ED7D0 /* Main.storyboard in Resources */ = {isa = PBXBuildFile; fileRef = 5E70AD1C1CE47BE1008ED7D0 /* Main.storyboard */; };
		5E70AD201CE47BE1008ED7D0 /* Assets.xcassets in Resources */ = {isa = PBXBuildFile; fileRef = 5E70AD1F1CE47BE1008ED7D0 /* Assets.xcassets */; };
		5E70AD231CE47BE1008ED7D0 /* LaunchScreen.storyboard in Resources */ = {isa = PBXBuildFile; fileRef = 5E70AD211CE47BE1008ED7D0 /* LaunchScreen.storyboard */; };
		5E70AD2E1CE47BE1008ED7D0 /* ViewDemoTests.m in Sources */ = {isa = PBXBuildFile; fileRef = 5E70AD2D1CE47BE1008ED7D0 /* ViewDemoTests.m */; };
		5E70AD391CE47BE1008ED7D0 /* ViewDemoUITests.m in Sources */ = {isa = PBXBuildFile; fileRef = 5E70AD381CE47BE1008ED7D0 /* ViewDemoUITests.m */; };
		5E70AD481CE47D32008ED7D0 /* DDViewController.m in Sources */ = {isa = PBXBuildFile; fileRef = 5E70AD471CE47D32008ED7D0 /* DDViewController.m */; };
		5E70AD4A1CE48128008ED7D0 /* aa.xml in Resources */ = {isa = PBXBuildFile; fileRef = 5E70AD491CE48128008ED7D0 /* aa.xml */; };
/* End PBXBuildFile section */

/* Begin PBXContainerItemProxy section */
		5E70AD2A1CE47BE1008ED7D0 /* PBXContainerItemProxy */ = {
			isa = PBXContainerItemProxy;
			containerPortal = 5E70AD081CE47BE1008ED7D0 /* Project object */;
			proxyType = 1;
			remoteGlobalIDString = 5E70AD0F1CE47BE1008ED7D0;
			remoteInfo = ViewDemo;
		};
		5E70AD351CE47BE1008ED7D0 /* PBXContainerItemProxy */ = {
			isa = PBXContainerItemProxy;
			containerPortal = 5E70AD081CE47BE1008ED7D0 /* Project object */;
			proxyType = 1;
			remoteGlobalIDString = 5E70AD0F1CE47BE1008ED7D0;
			remoteInfo = ViewDemo;
		};
/* End PBXContainerItemProxy section */

/* Begin PBXFileReference section */
		5E541CFF1CE5B00B00BB3868 /* PasswordInputWindow.h */ = {isa = PBXFileReference; fileEncoding = 4; lastKnownFileType = sourcecode.c.h; path = PasswordInputWindow.h; sourceTree = "<group>"; };
		5E541D001CE5B00B00BB3868 /* PasswordInputWindow.m */ = {isa = PBXFileReference; fileEncoding = 4; lastKnownFileType = sourcecode.c.objc; path = PasswordInputWindow.m; sourceTree = "<group>"; };
		5E70AD101CE47BE1008ED7D0 /* ViewDemo.app */ = {isa = PBXFileReference; explicitFileType = wrapper.application; includeInIndex = 0; path = ViewDemo.app; sourceTree = BUILT_PRODUCTS_DIR; };
		5E70AD141CE47BE1008ED7D0 /* main.m */ = {isa = PBXFileReference; lastKnownFileType = sourcecode.c.objc; path = main.m; sourceTree = "<group>"; };
		5E70AD161CE47BE1008ED7D0 /* AppDelegate.h */ = {isa = PBXFileReference; lastKnownFileType = sourcecode.c.h; path = AppDelegate.h; sourceTree = "<group>"; };
		5E70AD171CE47BE1008ED7D0 /* AppDelegate.m */ = {isa = PBXFileReference; lastKnownFileType = sourcecode.c.objc; path = AppDelegate.m; sourceTree = "<group>"; };
		5E70AD191CE47BE1008ED7D0 /* ViewController.h */ = {isa = PBXFileReference; lastKnownFileType = sourcecode.c.h; path = ViewController.h; sourceTree = "<group>"; };
		5E70AD1A1CE47BE1008ED7D0 /* ViewController.m */ = {isa = PBXFileReference; lastKnownFileType = sourcecode.c.objc; path = ViewController.m; sourceTree = "<group>"; };
		5E70AD1D1CE47BE1008ED7D0 /* Base */ = {isa = PBXFileReference; lastKnownFileType = file.storyboard; name = Base; path = Base.lproj/Main.storyboard; sourceTree = "<group>"; };
		5E70AD1F1CE47BE1008ED7D0 /* Assets.xcassets */ = {isa = PBXFileReference; lastKnownFileType = folder.assetcatalog; path = Assets.xcassets; sourceTree = "<group>"; };
		5E70AD221CE47BE1008ED7D0 /* Base */ = {isa = PBXFileReference; lastKnownFileType = file.storyboard; name = Base; path = Base.lproj/LaunchScreen.storyboard; sourceTree = "<group>"; };
		5E70AD241CE47BE1008ED7D0 /* Info.plist */ = {isa = PBXFileReference; lastKnownFileType = text.plist.xml; path = Info.plist; sourceTree = "<group>"; };
		5E70AD291CE47BE1008ED7D0 /* ViewDemoTests.xctest */ = {isa = PBXFileReference; explicitFileType = wrapper.cfbundle; includeInIndex = 0; path = ViewDemoTests.xctest; sourceTree = BUILT_PRODUCTS_DIR; };
		5E70AD2D1CE47BE1008ED7D0 /* ViewDemoTests.m */ = {isa = PBXFileReference; lastKnownFileType = sourcecode.c.objc; path = ViewDemoTests.m; sourceTree = "<group>"; };
		5E70AD2F1CE47BE1008ED7D0 /* Info.plist */ = {isa = PBXFileReference; lastKnownFileType = text.plist.xml; path = Info.plist; sourceTree = "<group>"; };
		5E70AD341CE47BE1008ED7D0 /* ViewDemoUITests.xctest */ = {isa = PBXFileReference; explicitFileType = wrapper.cfbundle; includeInIndex = 0; path = ViewDemoUITests.xctest; sourceTree = BUILT_PRODUCTS_DIR; };
		5E70AD381CE47BE1008ED7D0 /* ViewDemoUITests.m */ = {isa = PBXFileReference; lastKnownFileType = sourcecode.c.objc; path = ViewDemoUITests.m; sourceTree = "<group>"; };
		5E70AD3A1CE47BE1008ED7D0 /* Info.plist */ = {isa = PBXFileReference; lastKnownFileType = text.plist.xml; path = Info.plist; sourceTree = "<group>"; };
		5E70AD461CE47D32008ED7D0 /* DDViewController.h */ = {isa = PBXFileReference; fileEncoding = 4; lastKnownFileType = sourcecode.c.h; path = DDViewController.h; sourceTree = "<group>"; };
		5E70AD471CE47D32008ED7D0 /* DDViewController.m */ = {isa = PBXFileReference; fileEncoding = 4; lastKnownFileType = sourcecode.c.objc; path = DDViewController.m; sourceTree = "<group>"; };
		5E70AD491CE48128008ED7D0 /* aa.xml */ = {isa = PBXFileReference; fileEncoding = 4; lastKnownFileType = text.xml; path = aa.xml; sourceTree = "<group>"; };
/* End PBXFileReference section */

/* Begin PBXFrameworksBuildPhase section */
		5E70AD0D1CE47BE1008ED7D0 /* Frameworks */ = {
			isa = PBXFrameworksBuildPhase;
			buildActionMask = 2147483647;
			files = (
			);
			runOnlyForDeploymentPostprocessing = 0;
		};
		5E70AD261CE47BE1008ED7D0 /* Frameworks */ = {
			isa = PBXFrameworksBuildPhase;
			buildActionMask = 2147483647;
			files = (
			);
			runOnlyForDeploymentPostprocessing = 0;
		};
		5E70AD311CE47BE1008ED7D0 /* Frameworks */ = {
			isa = PBXFrameworksBuildPhase;
			buildActionMask = 2147483647;
			files = (
			);
			runOnlyForDeploymentPostprocessing = 0;
		};
/* End PBXFrameworksBuildPhase section */

/* Begin PBXGroup section */
		5E70AD071CE47BE1008ED7D0 = {
			isa = PBXGroup;
			children = (
				5E70AD121CE47BE1008ED7D0 /* ViewDemo */,
				5E70AD2C1CE47BE1008ED7D0 /* ViewDemoTests */,
				5E70AD371CE47BE1008ED7D0 /* ViewDemoUITests */,
				5E70AD111CE47BE1008ED7D0 /* Products */,
			);
			sourceTree = "<group>";
		};
		5E70AD111CE47BE1008ED7D0 /* Products */ = {
			isa = PBXGroup;
			children = (
				5E70AD101CE47BE1008ED7D0 /* ViewDemo.app */,
				5E70AD291CE47BE1008ED7D0 /* ViewDemoTests.xctest */,
				5E70AD341CE47BE1008ED7D0 /* ViewDemoUITests.xctest */,
			);
			name = Products;
			sourceTree = "<group>";
		};
		5E70AD121CE47BE1008ED7D0 /* ViewDemo */ = {
			isa = PBXGroup;
			children = (
				5E70AD491CE48128008ED7D0 /* aa.xml */,
				5E70AD161CE47BE1008ED7D0 /* AppDelegate.h */,
				5E70AD171CE47BE1008ED7D0 /* AppDelegate.m */,
				5E541CFF1CE5B00B00BB3868 /* PasswordInputWindow.h */,
				5E541D001CE5B00B00BB3868 /* PasswordInputWindow.m */,
				5E70AD191CE47BE1008ED7D0 /* ViewController.h */,
				5E70AD1A1CE47BE1008ED7D0 /* ViewController.m */,
				5E70AD461CE47D32008ED7D0 /* DDViewController.h */,
				5E70AD471CE47D32008ED7D0 /* DDViewController.m */,
				5E70AD1C1CE47BE1008ED7D0 /* Main.storyboard */,
				5E70AD1F1CE47BE1008ED7D0 /* Assets.xcassets */,
				5E70AD211CE47BE1008ED7D0 /* LaunchScreen.storyboard */,
				5E70AD241CE47BE1008ED7D0 /* Info.plist */,
				5E70AD131CE47BE1008ED7D0 /* Supporting Files */,
			);
			path = ViewDemo;
			sourceTree = "<group>";
		};
		5E70AD131CE47BE1008ED7D0 /* Supporting Files */ = {
			isa = PBXGroup;
			children = (
				5E70AD141CE47BE1008ED7D0 /* main.m */,
			);
			name = "Supporting Files";
			sourceTree = "<group>";
		};
		5E70AD2C1CE47BE1008ED7D0 /* ViewDemoTests */ = {
			isa = PBXGroup;
			children = (
				5E70AD2D1CE47BE1008ED7D0 /* ViewDemoTests.m */,
				5E70AD2F1CE47BE1008ED7D0 /* Info.plist */,
			);
			path = ViewDemoTests;
			sourceTree = "<group>";
		};
		5E70AD371CE47BE1008ED7D0 /* ViewDemoUITests */ = {
			isa = PBXGroup;
			children = (
				5E70AD381CE47BE1008ED7D0 /* ViewDemoUITests.m */,
				5E70AD3A1CE47BE1008ED7D0 /* Info.plist */,
			);
			path = ViewDemoUITests;
			sourceTree = "<group>";
		};
/* End PBXGroup section */

/* Begin PBXNativeTarget section */
		5E70AD0F1CE47BE1008ED7D0 /* ViewDemo */ = {
			isa = PBXNativeTarget;
			buildConfigurationList = 5E70AD3D1CE47BE1008ED7D0 /* Build configuration list for PBXNativeTarget "ViewDemo" */;
			buildPhases = (
				5E70AD0C1CE47BE1008ED7D0 /* Sources */,
				5E70AD0D1CE47BE1008ED7D0 /* Frameworks */,
				5E70AD0E1CE47BE1008ED7D0 /* Resources */,
			);
			buildRules = (
			);
			dependencies = (
			);
			name = ViewDemo;
			productName = ViewDemo;
			productReference = 5E70AD101CE47BE1008ED7D0 /* ViewDemo.app */;
			productType = "com.apple.product-type.application";
		};
		5E70AD281CE47BE1008ED7D0 /* ViewDemoTests */ = {
			isa = PBXNativeTarget;
			buildConfigurationList = 5E70AD401CE47BE1008ED7D0 /* Build configuration list for PBXNativeTarget "ViewDemoTests" */;
			buildPhases = (
				5E70AD251CE47BE1008ED7D0 /* Sources */,
				5E70AD261CE47BE1008ED7D0 /* Frameworks */,
				5E70AD271CE47BE1008ED7D0 /* Resources */,
			);
			buildRules = (
			);
			dependencies = (
				5E70AD2B1CE47BE1008ED7D0 /* PBXTargetDependency */,
			);
			name = ViewDemoTests;
			productName = ViewDemoTests;
			productReference = 5E70AD291CE47BE1008ED7D0 /* ViewDemoTests.xctest */;
			productType = "com.apple.product-type.bundle.unit-test";
		};
		5E70AD331CE47BE1008ED7D0 /* ViewDemoUITests */ = {
			isa = PBXNativeTarget;
			buildConfigurationList = 5E70AD431CE47BE1008ED7D0 /* Build configuration list for PBXNativeTarget "ViewDemoUITests" */;
			buildPhases = (
				5E70AD301CE47BE1008ED7D0 /* Sources */,
				5E70AD311CE47BE1008ED7D0 /* Frameworks */,
				5E70AD321CE47BE1008ED7D0 /* Resources */,
			);
			buildRules = (
			);
			dependencies = (
				5E70AD361CE47BE1008ED7D0 /* PBXTargetDependency */,
			);
			name = ViewDemoUITests;
			productName = ViewDemoUITests;
			productReference = 5E70AD341CE47BE1008ED7D0 /* ViewDemoUITests.xctest */;
			productType = "com.apple.product-type.bundle.ui-testing";
		};
/* End PBXNativeTarget section */

/* Begin PBXProject section */
		5E70AD081CE47BE1008ED7D0 /* Project object */ = {
			isa = PBXProject;
			attributes = {
				LastUpgradeCheck = 0720;
				ORGANIZATIONNAME = Langmuir;
				TargetAttributes = {
					5E70AD0F1CE47BE1008ED7D0 = {
						CreatedOnToolsVersion = 7.2;
					};
					5E70AD281CE47BE1008ED7D0 = {
						CreatedOnToolsVersion = 7.2;
						TestTargetID = 5E70AD0F1CE47BE1008ED7D0;
					};
					5E70AD331CE47BE1008ED7D0 = {
						CreatedOnToolsVersion = 7.2;
						TestTargetID = 5E70AD0F1CE47BE1008ED7D0;
					};
				};
			};
			buildConfigurationList = 5E70AD0B1CE47BE1008ED7D0 /* Build configuration list for PBXProject "ViewDemo" */;
			compatibilityVersion = "Xcode 3.2";
			developmentRegion = English;
			hasScannedForEncodings = 0;
			knownRegions = (
				en,
				Base,
			);
			mainGroup = 5E70AD071CE47BE1008ED7D0;
			productRefGroup = 5E70AD111CE47BE1008ED7D0 /* Products */;
			projectDirPath = "";
			projectRoot = "";
			targets = (
				5E70AD0F1CE47BE1008ED7D0 /* ViewDemo */,
				5E70AD281CE47BE1008ED7D0 /* ViewDemoTests */,
				5E70AD331CE47BE1008ED7D0 /* ViewDemoUITests */,
			);
		};
/* End PBXProject section */

/* Begin PBXResourcesBuildPhase section */
		5E70AD0E1CE47BE1008ED7D0 /* Resources */ = {
			isa = PBXResourcesBuildPhase;
			buildActionMask = 2147483647;
			files = (
				5E70AD231CE47BE1008ED7D0 /* LaunchScreen.storyboard in Resources */,
				5E70AD201CE47BE1008ED7D0 /* Assets.xcassets in Resources */,
				5E70AD1E1CE47BE1008ED7D0 /* Main.storyboard in Resources */,
				5E70AD4A1CE48128008ED7D0 /* aa.xml in Resources */,
			);
			runOnlyForDeploymentPostprocessing = 0;
		};
		5E70AD271CE47BE1008ED7D0 /* Resources */ = {
			isa = PBXResourcesBuildPhase;
			buildActionMask = 2147483647;
			files = (
			);
			runOnlyForDeploymentPostprocessing = 0;
		};
		5E70AD321CE47BE1008ED7D0 /* Resources */ = {
			isa = PBXResourcesBuildPhase;
			buildActionMask = 2147483647;
			files = (
			);
			runOnlyForDeploymentPostprocessing = 0;
		};
/* End PBXResourcesBuildPhase section */

/* Begin PBXSourcesBuildPhase section */
		5E70AD0C1CE47BE1008ED7D0 /* Sources */ = {
			isa = PBXSourcesBuildPhase;
			buildActionMask = 2147483647;
			files = (
				5E70AD481CE47D32008ED7D0 /* DDViewController.m in Sources */,
				5E541D011CE5B00B00BB3868 /* PasswordInputWindow.m in Sources */,
				5E70AD1B1CE47BE1008ED7D0 /* ViewController.m in Sources */,
				5E70AD181CE47BE1008ED7D0 /* AppDelegate.m in Sources */,
				5E70AD151CE47BE1008ED7D0 /* main.m in Sources */,
			);
			runOnlyForDeploymentPostprocessing = 0;
		};
		5E70AD251CE47BE1008ED7D0 /* Sources */ = {
			isa = PBXSourcesBuildPhase;
			buildActionMask = 2147483647;
			files = (
				5E70AD2E1CE47BE1008ED7D0 /* ViewDemoTests.m in Sources */,
			);
			runOnlyForDeploymentPostprocessing = 0;
		};
		5E70AD301CE47BE1008ED7D0 /* Sources */ = {
			isa = PBXSourcesBuildPhase;
			buildActionMask = 2147483647;
			files = (
				5E70AD391CE47BE1008ED7D0 /* ViewDemoUITests.m in Sources */,
			);
			runOnlyForDeploymentPostprocessing = 0;
		};
/* End PBXSourcesBuildPhase section */

/* Begin PBXTargetDependency section */
		5E70AD2B1CE47BE1008ED7D0 /* PBXTargetDependency */ = {
			isa = PBXTargetDependency;
			target = 5E70AD0F1CE47BE1008ED7D0 /* ViewDemo */;
			targetProxy = 5E70AD2A1CE47BE1008ED7D0 /* PBXContainerItemProxy */;
		};
		5E70AD361CE47BE1008ED7D0 /* PBXTargetDependency */ = {
			isa = PBXTargetDependency;
			target = 5E70AD0F1CE47BE1008ED7D0 /* ViewDemo */;
			targetProxy = 5E70AD351CE47BE1008ED7D0 /* PBXContainerItemProxy */;
		};
/* End PBXTargetDependency section */

/* Begin PBXVariantGroup section */
		5E70AD1C1CE47BE1008ED7D0 /* Main.storyboard */ = {
			isa = PBXVariantGroup;
			children = (
				5E70AD1D1CE47BE1008ED7D0 /* Base */,
			);
			name = Main.storyboard;
			sourceTree = "<group>";
		};
		5E70AD211CE47BE1008ED7D0 /* LaunchScreen.storyboard */ = {
			isa = PBXVariantGroup;
			children = (
				5E70AD221CE47BE1008ED7D0 /* Base */,
			);
			name = LaunchScreen.storyboard;
			sourceTree = "<group>";
		};
/* End PBXVariantGroup section */

/* Begin XCBuildConfiguration section */
		5E70AD3B1CE47BE1008ED7D0 /* Debug */ = {
			isa = XCBuildConfiguration;
			buildSettings = {
				ALWAYS_SEARCH_USER_PATHS = NO;
				CLANG_CXX_LANGUAGE_STANDARD = "gnu++0x";
				CLANG_CXX_LIBRARY = "libc++";
				CLANG_ENABLE_MODULES = YES;
				CLANG_ENABLE_OBJC_ARC = YES;
				CLANG_WARN_BOOL_CONVERSION = YES;
				CLANG_WARN_CONSTANT_CONVERSION = YES;
				CLANG_WARN_DIRECT_OBJC_ISA_USAGE = YES_ERROR;
				CLANG_WARN_EMPTY_BODY = YES;
				CLANG_WARN_ENUM_CONVERSION = YES;
				CLANG_WARN_INT_CONVERSION = YES;
				CLANG_WARN_OBJC_ROOT_CLASS = YES_ERROR;
				CLANG_WARN_UNREACHABLE_CODE = YES;
				CLANG_WARN__DUPLICATE_METHOD_MATCH = YES;
				"CODE_SIGN_IDENTITY[sdk=iphoneos*]" = "iPhone Developer";
				COPY_PHASE_STRIP = NO;
				DEBUG_INFORMATION_FORMAT = dwarf;
				ENABLE_STRICT_OBJC_MSGSEND = YES;
				ENABLE_TESTABILITY = YES;
				GCC_C_LANGUAGE_STANDARD = gnu99;
				GCC_DYNAMIC_NO_PIC = NO;
				GCC_NO_COMMON_BLOCKS = YES;
				GCC_OPTIMIZATION_LEVEL = 0;
				GCC_PREPROCESSOR_DEFINITIONS = (
					"DEBUG=1",
					"$(inherited)",
				);
				GCC_WARN_64_TO_32_BIT_CONVERSION = YES;
				GCC_WARN_ABOUT_RETURN_TYPE = YES_ERROR;
				GCC_WARN_UNDECLARED_SELECTOR = YES;
				GCC_WARN_UNINITIALIZED_AUTOS = YES_AGGRESSIVE;
				GCC_WARN_UNUSED_FUNCTION = YES;
				GCC_WARN_UNUSED_VARIABLE = YES;
				IPHONEOS_DEPLOYMENT_TARGET = 9.2;
				MTL_ENABLE_DEBUG_INFO = YES;
				ONLY_ACTIVE_ARCH = YES;
				SDKROOT = iphoneos;
				TARGETED_DEVICE_FAMILY = "1,2";
			};
			name = Debug;
		};
		5E70AD3C1CE47BE1008ED7D0 /* Release */ = {
			isa = XCBuildConfiguration;
			buildSettings = {
				ALWAYS_SEARCH_USER_PATHS = NO;
				CLANG_CXX_LANGUAGE_STANDARD = "gnu++0x";
				CLANG_CXX_LIBRARY = "libc++";
				CLANG_ENABLE_MODULES = YES;
				CLANG_ENABLE_OBJC_ARC = YES;
				CLANG_WARN_BOOL_CONVERSION = YES;
				CLANG_WARN_CONSTANT_CONVERSION = YES;
				CLANG_WARN_DIRECT_OBJC_ISA_USAGE = YES_ERROR;
				CLANG_WARN_EMPTY_BODY = YES;
				CLANG_WARN_ENUM_CONVERSION = YES;
				CLANG_WARN_INT_CONVERSION = YES;
				CLANG_WARN_OBJC_ROOT_CLASS = YES_ERROR;
				CLANG_WARN_UNREACHABLE_CODE = YES;
				CLANG_WARN__DUPLICATE_METHOD_MATCH = YES;
				"CODE_SIGN_IDENTITY[sdk=iphoneos*]" = "iPhone Developer";
				COPY_PHASE_STRIP = NO;
				DEBUG_INFORMATION_FORMAT = "dwarf-with-dsym";
				ENABLE_NS_ASSERTIONS = NO;
				ENABLE_STRICT_OBJC_MSGSEND = YES;
				GCC_C_LANGUAGE_STANDARD = gnu99;
				GCC_NO_COMMON_BLOCKS = YES;
				GCC_WARN_64_TO_32_BIT_CONVERSION = YES;
				GCC_WARN_ABOUT_RETURN_TYPE = YES_ERROR;
				GCC_WARN_UNDECLARED_SELECTOR = YES;
				GCC_WARN_UNINITIALIZED_AUTOS = YES_AGGRESSIVE;
				GCC_WARN_UNUSED_FUNCTION = YES;
				GCC_WARN_UNUSED_VARIABLE = YES;
				IPHONEOS_DEPLOYMENT_TARGET = 9.2;
				MTL_ENABLE_DEBUG_INFO = NO;
				SDKROOT = iphoneos;
				TARGETED_DEVICE_FAMILY = "1,2";
				VALIDATE_PRODUCT = YES;
			};
			name = Release;
		};
		5E70AD3E1CE47BE1008ED7D0 /* Debug */ = {
			isa = XCBuildConfiguration;
			buildSettings = {
				ASSETCATALOG_COMPILER_APPICON_NAME = AppIcon;
				INFOPLIST_FILE = ViewDemo/Info.plist;
				LD_RUNPATH_SEARCH_PATHS = "$(inherited) @executable_path/Frameworks";
				PRODUCT_BUNDLE_IDENTIFIER = com.shanghaikedu.ViewDemo;
				PRODUCT_NAME = "$(TARGET_NAME)";
			};
			name = Debug;
		};
		5E70AD3F1CE47BE1008ED7D0 /* Release */ = {
			isa = XCBuildConfiguration;
			buildSettings = {
				ASSETCATALOG_COMPILER_APPICON_NAME = AppIcon;
				INFOPLIST_FILE = ViewDemo/Info.plist;
				LD_RUNPATH_SEARCH_PATHS = "$(inherited) @executable_path/Frameworks";
				PRODUCT_BUNDLE_IDENTIFIER = com.shanghaikedu.ViewDemo;
				PRODUCT_NAME = "$(TARGET_NAME)";
			};
			name = Release;
		};
		5E70AD411CE47BE1008ED7D0 /* Debug */ = {
			isa = XCBuildConfiguration;
			buildSettings = {
				BUNDLE_LOADER = "$(TEST_HOST)";
				INFOPLIST_FILE = ViewDemoTests/Info.plist;
				LD_RUNPATH_SEARCH_PATHS = "$(inherited) @executable_path/Frameworks @loader_path/Frameworks";
				PRODUCT_BUNDLE_IDENTIFIER = com.shanghaikedu.ViewDemoTests;
				PRODUCT_NAME = "$(TARGET_NAME)";
				TEST_HOST = "$(BUILT_PRODUCTS_DIR)/ViewDemo.app/ViewDemo";
			};
			name = Debug;
		};
		5E70AD421CE47BE1008ED7D0 /* Release */ = {
			isa = XCBuildConfiguration;
			buildSettings = {
				BUNDLE_LOADER = "$(TEST_HOST)";
				INFOPLIST_FILE = ViewDemoTests/Info.plist;
				LD_RUNPATH_SEARCH_PATHS = "$(inherited) @executable_path/Frameworks @loader_path/Frameworks";
				PRODUCT_BUNDLE_IDENTIFIER = com.shanghaikedu.ViewDemoTests;
				PRODUCT_NAME = "$(TARGET_NAME)";
				TEST_HOST = "$(BUILT_PRODUCTS_DIR)/ViewDemo.app/ViewDemo";
			};
			name = Release;
		};
		5E70AD441CE47BE1008ED7D0 /* Debug */ = {
			isa = XCBuildConfiguration;
			buildSettings = {
				INFOPLIST_FILE = ViewDemoUITests/Info.plist;
				LD_RUNPATH_SEARCH_PATHS = "$(inherited) @executable_path/Frameworks @loader_path/Frameworks";
				PRODUCT_BUNDLE_IDENTIFIER = com.shanghaikedu.ViewDemoUITests;
				PRODUCT_NAME = "$(TARGET_NAME)";
				TEST_TARGET_NAME = ViewDemo;
				USES_XCTRUNNER = YES;
			};
			name = Debug;
		};
		5E70AD451CE47BE1008ED7D0 /* Release */ = {
			isa = XCBuildConfiguration;
			buildSettings = {
				INFOPLIST_FILE = ViewDemoUITests/Info.plist;
				LD_RUNPATH_SEARCH_PATHS = "$(inherited) @executable_path/Frameworks @loader_path/Frameworks";
				PRODUCT_BUNDLE_IDENTIFIER = com.shanghaikedu.ViewDemoUITests;
				PRODUCT_NAME = "$(TARGET_NAME)";
				TEST_TARGET_NAME = ViewDemo;
				USES_XCTRUNNER = YES;
			};
			name = Release;
		};
/* End XCBuildConfiguration section */

/* Begin XCConfigurationList section */
		5E70AD0B1CE47BE1008ED7D0 /* Build configuration list for PBXProject "ViewDemo" */ = {
			isa = XCConfigurationList;
			buildConfigurations = (
				5E70AD3B1CE47BE1008ED7D0 /* Debug */,
				5E70AD3C1CE47BE1008ED7D0 /* Release */,
			);
			defaultConfigurationIsVisible = 0;
			defaultConfigurationName = Release;
		};
		5E70AD3D1CE47BE1008ED7D0 /* Build configuration list for PBXNativeTarget "ViewDemo" */ = {
			isa = XCConfigurationList;
			buildConfigurations = (
				5E70AD3E1CE47BE1008ED7D0 /* Debug */,
				5E70AD3F1CE47BE1008ED7D0 /* Release */,
			);
			defaultConfigurationIsVisible = 0;
			defaultConfigurationName = Release;
		};
		5E70AD401CE47BE1008ED7D0 /* Build configuration list for PBXNativeTarget "ViewDemoTests" */ = {
			isa = XCConfigurationList;
			buildConfigurations = (
				5E70AD411CE47BE1008ED7D0 /* Debug */,
				5E70AD421CE47BE1008ED7D0 /* Release */,
			);
			defaultConfigurationIsVisible = 0;
			defaultConfigurationName = Release;
		};
		5E70AD431CE47BE1008ED7D0 /* Build configuration list for PBXNativeTarget "ViewDemoUITests" */ = {
			isa = XCConfigurationList;
			buildConfigurations = (
				5E70AD441CE47BE1008ED7D0 /* Debug */,
				5E70AD451CE47BE1008ED7D0 /* Release */,
			);
			defaultConfigurationIsVisible = 0;
			defaultConfigurationName = Release;
		};
/* End XCConfigurationList section */
	};
	rootObject = 5E70AD081CE47BE1008ED7D0 /* Project object */;
}
